
Microsoft Visual Studio Solution File, Format Version 12.00
# Visual Studio Version 17
VisualStudioVersion = 17.14.36414.22
MinimumVisualStudioVersion = 10.0.40219.1
Project("{FAE04EC0-301F-11D3-BF4B-00C04F79EFBC}") = "GymWorkoutAPI", "GymWorkoutAPI\GymWorkoutAPI.csproj", "{B3BA5158-2BE9-4FD2-84B3-23B1227D8B5C}"
EndProject
Project("{FAE04EC0-301F-11D3-BF4B-00C04F79EFBC}") = "GymWorkoutAPI.Tests", "GymWorkoutAPI.Tests\GymWorkoutAPI.Tests.csproj", "{416D8E4F-747D-4040-9452-8FE0347A944D}"
EndProject
Global
	GlobalSection(SolutionConfigurationPlatforms) = preSolution
		Debug|Any CPU = Debug|Any CPU
		Release|Any CPU = Release|Any CPU
	EndGlobalSection
	GlobalSection(ProjectConfigurationPlatforms) = postSolution
		{B3BA5158-2BE9-4FD2-84B3-23B1227D8B5C}.Debug|Any CPU.ActiveCfg = Debug|Any CPU
		{B3BA5158-2BE9-4FD2-84B3-23B1227D8B5C}.Debug|Any CPU.Build.0 = Debug|Any CPU
		{B3BA5158-2BE9-4FD2-84B3-23B1227D8B5C}.Release|Any CPU.ActiveCfg = Release|Any CPU
		{B3BA5158-2BE9-4FD2-84B3-23B1227D8B5C}.Release|Any CPU.Build.0 = Release|Any CPU
		{416D8E4F-747D-4040-9452-8FE0347A944D}.Debug|Any CPU.ActiveCfg = Debug|Any CPU
		{416D8E4F-747D-4040-9452-8FE0347A944D}.Debug|Any CPU.Build.0 = Debug|Any CPU
		{416D8E4F-747D-4040-9452-8FE0347A944D}.Release|Any CPU.ActiveCfg = Release|Any CPU
		{416D8E4F-747D-4040-9452-8FE0347A944D}.Release|Any CPU.Build.0 = Release|Any CPU
	EndGlobalSection
	GlobalSection(SolutionProperties) = preSolution
		HideSolutionNode = FALSE
	EndGlobalSection
	GlobalSection(ExtensibilityGlobals) = postSolution
		SolutionGuid = {27FC8EC6-54A4-4057-9099-14695F31AEF0}
	EndGlobalSection
EndGlobal
